
Microsoft Visual Studio Solution File, Format Version 12.00
# Visual Studio Version 16
VisualStudioVersion = 16.0.30523.141
MinimumVisualStudioVersion = 10.0.40219.1
Project("{9A19103F-16F7-4668-BE54-9A1E7A4F7556}") = "AzDurableAsync", "AzDurableAsync.csproj", "{6A33DAFB-C591-4430-85BE-48A1AE227F4A}"
EndProject
Global
	GlobalSection(SolutionConfigurationPlatforms) = preSolution
		Debug|Any CPU = Debug|Any CPU
		Release|Any CPU = Release|Any CPU
	EndGlobalSection
	GlobalSection(ProjectConfigurationPlatforms) = postSolution
		{6A33DAFB-C591-4430-85BE-48A1AE227F4A}.Debug|Any CPU.ActiveCfg = Debug|Any CPU
		{6A33DAFB-C591-4430-85BE-48A1AE227F4A}.Debug|Any CPU.Build.0 = Debug|Any CPU
		{6A33DAFB-C591-4430-85BE-48A1AE227F4A}.Release|Any CPU.ActiveCfg = Release|Any CPU
		{6A33DAFB-C591-4430-85BE-48A1AE227F4A}.Release|Any CPU.Build.0 = Release|Any CPU
	EndGlobalSection
	GlobalSection(SolutionProperties) = preSolution
		HideSolutionNode = FALSE
	EndGlobalSection
	GlobalSection(ExtensibilityGlobals) = postSolution
		SolutionGuid = {B2103EC6-8A7A-4443-A27B-F4CB507DC8CC}
	EndGlobalSection
EndGlobal
